Microsoft Visual Studio Solution File, Format Version 12.00
# Visual Studio Version 17
VisualStudioVersion = 17.5.2.0
MinimumVisualStudioVersion = 10.0.40219.1
Project("{FAE04EC0-301F-11D3-BF4B-00C04F79EFBC}") = "SimpleJWTApi", "SimpleJWTApi.csproj", "{2BB5627D-ACBE-1F5A-2685-BEE67B5D5D3D}"
EndProject
Global
	GlobalSection(SolutionConfigurationPlatforms) = preSolution
		Debug|Any CPU = Debug|Any CPU
		Release|Any CPU = Release|Any CPU
	EndGlobalSection
	GlobalSection(ProjectConfigurationPlatforms) = postSolution
		{2BB5627D-ACBE-1F5A-2685-BEE67B5D5D3D}.Debug|Any CPU.ActiveCfg = Debug|Any CPU
		{2BB5627D-ACBE-1F5A-2685-BEE67B5D5D3D}.Debug|Any CPU.Build.0 = Debug|Any CPU
		{2BB5627D-ACBE-1F5A-2685-BEE67B5D5D3D}.Release|Any CPU.ActiveCfg = Release|Any CPU
		{2BB5627D-ACBE-1F5A-2685-BEE67B5D5D3D}.Release|Any CPU.Build.0 = Release|Any CPU
	EndGlobalSection
	GlobalSection(SolutionProperties) = preSolution
		HideSolutionNode = FALSE
	EndGlobalSection
	GlobalSection(ExtensibilityGlobals) = postSolution
		SolutionGuid = {B0F693B3-748F-491C-B1F6-1F965347E9BE}
	EndGlobalSection
EndGlobal
